
Microsoft Visual Studio Solution File, Format Version 12.00
# Visual Studio 2013
VisualStudioVersion = 12.0.40629.0
MinimumVisualStudioVersion = 10.0.40219.1
Project("{8BC9CEB8-8B4A-11D0-8D11-00A0C91BC942}") = "00_Sandbox", "00_Sandbox\00_Sandbox.vcxproj", "{0D690B4A-EEED-45DD-9651-D80BB36C0C76}"
EndProject
Project("{8BC9CEB8-8B4A-11D0-8D11-00A0C91BC942}") = "01_Basics", "01_Basics\01_Basics.vcxproj", "{2461FF90-BE6E-43FE-AF29-A3E6F27469F5}"
EndProject
Project("{8BC9CEB8-8B4A-11D0-8D11-00A0C91BC942}") = "02_Inheriting", "02_Inheriting\02_Inheriting.vcxproj", "{7F7B7ACF-DAA0-4CC9-91A4-811169042BDB}"
EndProject
Project("{8BC9CEB8-8B4A-11D0-8D11-00A0C91BC942}") = "03_SFML_Input", "03_SFML_Input\03_SFML_Input.vcxproj", "{066814B8-00E4-451C-9FB6-E1333F7661F4}"
EndProject
Project("{8BC9CEB8-8B4A-11D0-8D11-00A0C91BC942}") = "04_MeshRendering", "04_MeshRendering\04_MeshRendering.vcxproj", "{598AB66F-08A8-4137-A212-3E7664437B2A}"
EndProject
Project("{8BC9CEB8-8B4A-11D0-8D11-00A0C91BC942}") = "05_InstanceRendering", "05_InstanceRendering\05_InstanceRendering.vcxproj", "{E35DDF73-BF15-4A51-99F6-834FE270DBCE}"
EndProject
Project("{8BC9CEB8-8B4A-11D0-8D11-00A0C91BC942}") = "A04_3DShapes", "A04_3DShapes\A04_3DShapes.vcxproj", "{98B31854-91E4-4586-8A14-D2B0CCA2B3D5}"
EndProject
Project("{8BC9CEB8-8B4A-11D0-8D11-00A0C91BC942}") = "A05_Transformations", "A05_Transformations\A05_Transformations.vcxproj", "{0A7ACB4A-2C49-4FA6-9CD4-AB1B7A15C4B3}"
EndProject
Project("{8BC9CEB8-8B4A-11D0-8D11-00A0C91BC942}") = "A06_LERP", "A06_LERP\A06_LERP.vcxproj", "{C8B75242-7852-4120-9146-8DBDEE8D6F95}"
EndProject
Project("{8BC9CEB8-8B4A-11D0-8D11-00A0C91BC942}") = "E05_Translations", "E05_Translations\E05_Translations.vcxproj", "{4F09402D-EB5F-4150-80D2-BE1FEE68C168}"
EndProject
Global
	GlobalSection(SolutionConfigurationPlatforms) = preSolution
		Debug|Win32 = Debug|Win32
		Release|Win32 = Release|Win32
	EndGlobalSection
	GlobalSection(ProjectConfigurationPlatforms) = postSolution
		{0D690B4A-EEED-45DD-9651-D80BB36C0C76}.Debug|Win32.ActiveCfg = Debug|Win32
		{0D690B4A-EEED-45DD-9651-D80BB36C0C76}.Debug|Win32.Build.0 = Debug|Win32
		{0D690B4A-EEED-45DD-9651-D80BB36C0C76}.Release|Win32.ActiveCfg = Release|Win32
		{0D690B4A-EEED-45DD-9651-D80BB36C0C76}.Release|Win32.Build.0 = Release|Win32
		{2461FF90-BE6E-43FE-AF29-A3E6F27469F5}.Debug|Win32.ActiveCfg = Debug|Win32
		{2461FF90-BE6E-43FE-AF29-A3E6F27469F5}.Debug|Win32.Build.0 = Debug|Win32
		{2461FF90-BE6E-43FE-AF29-A3E6F27469F5}.Release|Win32.ActiveCfg = Release|Win32
		{2461FF90-BE6E-43FE-AF29-A3E6F27469F5}.Release|Win32.Build.0 = Release|Win32
		{7F7B7ACF-DAA0-4CC9-91A4-811169042BDB}.Debug|Win32.ActiveCfg = Debug|Win32
		{7F7B7ACF-DAA0-4CC9-91A4-811169042BDB}.Debug|Win32.Build.0 = Debug|Win32
		{7F7B7ACF-DAA0-4CC9-91A4-811169042BDB}.Release|Win32.ActiveCfg = Release|Win32
		{7F7B7ACF-DAA0-4CC9-91A4-811169042BDB}.Release|Win32.Build.0 = Release|Win32
		{066814B8-00E4-451C-9FB6-E1333F7661F4}.Debug|Win32.ActiveCfg = Debug|Win32
		{066814B8-00E4-451C-9FB6-E1333F7661F4}.Debug|Win32.Build.0 = Debug|Win32
		{066814B8-00E4-451C-9FB6-E1333F7661F4}.Release|Win32.ActiveCfg = Release|Win32
		{066814B8-00E4-451C-9FB6-E1333F7661F4}.Release|Win32.Build.0 = Release|Win32
		{598AB66F-08A8-4137-A212-3E7664437B2A}.Debug|Win32.ActiveCfg = Debug|Win32
		{598AB66F-08A8-4137-A212-3E7664437B2A}.Debug|Win32.Build.0 = Debug|Win32
		{598AB66F-08A8-4137-A212-3E7664437B2A}.Release|Win32.ActiveCfg = Release|Win32
		{598AB66F-08A8-4137-A212-3E7664437B2A}.Release|Win32.Build.0 = Release|Win32
		{E35DDF73-BF15-4A51-99F6-834FE270DBCE}.Debug|Win32.ActiveCfg = Debug|Win32
		{E35DDF73-BF15-4A51-99F6-834FE270DBCE}.Debug|Win32.Build.0 = Debug|Win32
		{E35DDF73-BF15-4A51-99F6-834FE270DBCE}.Release|Win32.ActiveCfg = Release|Win32
		{E35DDF73-BF15-4A51-99F6-834FE270DBCE}.Release|Win32.Build.0 = Release|Win32
		{98B31854-91E4-4586-8A14-D2B0CCA2B3D5}.Debug|Win32.ActiveCfg = Debug|Win32
		{98B31854-91E4-4586-8A14-D2B0CCA2B3D5}.Debug|Win32.Build.0 = Debug|Win32
		{98B31854-91E4-4586-8A14-D2B0CCA2B3D5}.Release|Win32.ActiveCfg = Release|Win32
		{98B31854-91E4-4586-8A14-D2B0CCA2B3D5}.Release|Win32.Build.0 = Release|Win32
		{0A7ACB4A-2C49-4FA6-9CD4-AB1B7A15C4B3}.Debug|Win32.ActiveCfg = Debug|Win32
		{0A7ACB4A-2C49-4FA6-9CD4-AB1B7A15C4B3}.Debug|Win32.Build.0 = Debug|Win32
		{0A7ACB4A-2C49-4FA6-9CD4-AB1B7A15C4B3}.Release|Win32.ActiveCfg = Release|Win32
		{0A7ACB4A-2C49-4FA6-9CD4-AB1B7A15C4B3}.Release|Win32.Build.0 = Release|Win32
		{C8B75242-7852-4120-9146-8DBDEE8D6F95}.Debug|Win32.ActiveCfg = Debug|Win32
		{C8B75242-7852-4120-9146-8DBDEE8D6F95}.Debug|Win32.Build.0 = Debug|Win32
		{C8B75242-7852-4120-9146-8DBDEE8D6F95}.Release|Win32.ActiveCfg = Release|Win32
		{C8B75242-7852-4120-9146-8DBDEE8D6F95}.Release|Win32.Build.0 = Release|Win32
		{4F09402D-EB5F-4150-80D2-BE1FEE68C168}.Debug|Win32.ActiveCfg = Debug|Win32
		{4F09402D-EB5F-4150-80D2-BE1FEE68C168}.Debug|Win32.Build.0 = Debug|Win32
		{4F09402D-EB5F-4150-80D2-BE1FEE68C168}.Release|Win32.ActiveCfg = Release|Win32
		{4F09402D-EB5F-4150-80D2-BE1FEE68C168}.Release|Win32.Build.0 = Release|Win32
	EndGlobalSection
	GlobalSection(SolutionProperties) = preSolution
		HideSolutionNode = FALSE
	EndGlobalSection
EndGlobal
